
Microsoft Visual Studio Solution File, Format Version 12.00
# Visual Studio Version 16
VisualStudioVersion = 16.0.29509.3
MinimumVisualStudioVersion = 10.0.40219.1
Project("{FAE04EC0-301F-11D3-BF4B-00C04F79EFBC}") = "Lab4_6ArrayToDoListWithTasks", "Lab4_6ArrayToDoListWithTasks.csproj", "{6B1FCB03-A6DE-4AC9-8D44-7F5EC469CC2A}"
EndProject
Global
	GlobalSection(SolutionConfigurationPlatforms) = preSolution
		Debug|Any CPU = Debug|Any CPU
		Release|Any CPU = Release|Any CPU
	EndGlobalSection
	GlobalSection(ProjectConfigurationPlatforms) = postSolution
		{6B1FCB03-A6DE-4AC9-8D44-7F5EC469CC2A}.Debug|Any CPU.ActiveCfg = Debug|Any CPU
		{6B1FCB03-A6DE-4AC9-8D44-7F5EC469CC2A}.Debug|Any CPU.Build.0 = Debug|Any CPU
		{6B1FCB03-A6DE-4AC9-8D44-7F5EC469CC2A}.Release|Any CPU.ActiveCfg = Release|Any CPU
		{6B1FCB03-A6DE-4AC9-8D44-7F5EC469CC2A}.Release|Any CPU.Build.0 = Release|Any CPU
	EndGlobalSection
	GlobalSection(SolutionProperties) = preSolution
		HideSolutionNode = FALSE
	EndGlobalSection
	GlobalSection(ExtensibilityGlobals) = postSolution
		SolutionGuid = {09B5563D-FFE1-49C0-A581-656F68DE42A5}
	EndGlobalSection
EndGlobal
